
Microsoft Visual Studio Solution File, Format Version 12.00
# Visual Studio Version 17
VisualStudioVersion = 17.10.35027.167
MinimumVisualStudioVersion = 10.0.40219.1
Project("{FAE04EC0-301F-11D3-BF4B-00C04F79EFBC}") = "ChatGPT-Asp-Net8-Integration", "ChatGPT-Asp-Net8-Integration\ChatGPT-Asp-Net8-Integration.csproj", "{027C75E6-AA28-40C3-8EA6-30AF5CAF36F5}"
EndProject
Global
	GlobalSection(SolutionConfigurationPlatforms) = preSolution
		Debug|Any CPU = Debug|Any CPU
		Release|Any CPU = Release|Any CPU
	EndGlobalSection
	GlobalSection(ProjectConfigurationPlatforms) = postSolution
		{027C75E6-AA28-40C3-8EA6-30AF5CAF36F5}.Debug|Any CPU.ActiveCfg = Debug|Any CPU
		{027C75E6-AA28-40C3-8EA6-30AF5CAF36F5}.Debug|Any CPU.Build.0 = Debug|Any CPU
		{027C75E6-AA28-40C3-8EA6-30AF5CAF36F5}.Release|Any CPU.ActiveCfg = Release|Any CPU
		{027C75E6-AA28-40C3-8EA6-30AF5CAF36F5}.Release|Any CPU.Build.0 = Release|Any CPU
	EndGlobalSection
	GlobalSection(SolutionProperties) = preSolution
		HideSolutionNode = FALSE
	EndGlobalSection
	GlobalSection(ExtensibilityGlobals) = postSolution
		SolutionGuid = {8F7DF775-75BA-41B9-A057-891798D02115}
	EndGlobalSection
EndGlobal
